
Microsoft Visual Studio Solution File, Format Version 12.00
# Visual Studio 15
VisualStudioVersion = 15.0.28307.1145
MinimumVisualStudioVersion = 10.0.40219.1
Project("{FAE04EC0-301F-11D3-BF4B-00C04F79EFBC}") = "Projeto_Coqui.Android", "Projeto_Coqui\Projeto_Coqui.Android\Projeto_Coqui.Android.csproj", "{1B024164-5C35-4490-8EFB-06045058FFD2}"
EndProject
Project("{FAE04EC0-301F-11D3-BF4B-00C04F79EFBC}") = "Projeto_Coqui.iOS", "Projeto_Coqui\Projeto_Coqui.iOS\Projeto_Coqui.iOS.csproj", "{C6AA65C2-28BD-425A-A832-F2256360395E}"
EndProject
Project("{FAE04EC0-301F-11D3-BF4B-00C04F79EFBC}") = "Projeto_Coqui", "Projeto_Coqui\Projeto_Coqui\Projeto_Coqui.csproj", "{46F37CA1-D265-4E97-A691-4B9CCC9553CF}"
EndProject
Global
	GlobalSection(SolutionConfigurationPlatforms) = preSolution
		Ad-Hoc|Any CPU = Ad-Hoc|Any CPU
		Ad-Hoc|iPhone = Ad-Hoc|iPhone
		Ad-Hoc|iPhoneSimulator = Ad-Hoc|iPhoneSimulator
		AppStore|Any CPU = AppStore|Any CPU
		AppStore|iPhone = AppStore|iPhone
		AppStore|iPhoneSimulator = AppStore|iPhoneSimulator
		Debug|Any CPU = Debug|Any CPU
		Debug|iPhone = Debug|iPhone
		Debug|iPhoneSimulator = Debug|iPhoneSimulator
		Release|Any CPU = Release|Any CPU
		Release|iPhone = Release|iPhone
		Release|iPhoneSimulator = Release|iPhoneSimulator
	EndGlobalSection
	GlobalSection(ProjectConfigurationPlatforms) = postSolution
		{1B024164-5C35-4490-8EFB-06045058FFD2}.Ad-Hoc|Any CPU.ActiveCfg = Release|Any CPU
		{1B024164-5C35-4490-8EFB-06045058FFD2}.Ad-Hoc|Any CPU.Build.0 = Release|Any CPU
		{1B024164-5C35-4490-8EFB-06045058FFD2}.Ad-Hoc|Any CPU.Deploy.0 = Release|Any CPU
		{1B024164-5C35-4490-8EFB-06045058FFD2}.Ad-Hoc|iPhone.ActiveCfg = Release|Any CPU
		{1B024164-5C35-4490-8EFB-06045058FFD2}.Ad-Hoc|iPhone.Build.0 = Release|Any CPU
		{1B024164-5C35-4490-8EFB-06045058FFD2}.Ad-Hoc|iPhone.Deploy.0 = Release|Any CPU
		{1B024164-5C35-4490-8EFB-06045058FFD2}.Ad-Hoc|iPhoneSimulator.ActiveCfg = Release|Any CPU
		{1B024164-5C35-4490-8EFB-06045058FFD2}.Ad-Hoc|iPhoneSimulator.Build.0 = Release|Any CPU
		{1B024164-5C35-4490-8EFB-06045058FFD2}.Ad-Hoc|iPhoneSimulator.Deploy.0 = Release|Any CPU
		{1B024164-5C35-4490-8EFB-06045058FFD2}.AppStore|Any CPU.ActiveCfg = Release|Any CPU
		{1B024164-5C35-4490-8EFB-06045058FFD2}.AppStore|Any CPU.Build.0 = Release|Any CPU
		{1B024164-5C35-4490-8EFB-06045058FFD2}.AppStore|Any CPU.Deploy.0 = Release|Any CPU
		{1B024164-5C35-4490-8EFB-06045058FFD2}.AppStore|iPhone.ActiveCfg = Release|Any CPU
		{1B024164-5C35-4490-8EFB-06045058FFD2}.AppStore|iPhone.Build.0 = Release|Any CPU
		{1B024164-5C35-4490-8EFB-06045058FFD2}.AppStore|iPhone.Deploy.0 = Release|Any CPU
		{1B024164-5C35-4490-8EFB-06045058FFD2}.AppStore|iPhoneSimulator.ActiveCfg = Release|Any CPU
		{1B024164-5C35-4490-8EFB-06045058FFD2}.AppStore|iPhoneSimulator.Build.0 = Release|Any CPU
		{1B024164-5C35-4490-8EFB-06045058FFD2}.AppStore|iPhoneSimulator.Deploy.0 = Release|Any CPU
		{1B024164-5C35-4490-8EFB-06045058FFD2}.Debug|Any CPU.ActiveCfg = Debug|Any CPU
		{1B024164-5C35-4490-8EFB-06045058FFD2}.Debug|Any CPU.Build.0 = Debug|Any CPU
		{1B024164-5C35-4490-8EFB-06045058FFD2}.Debug|Any CPU.Deploy.0 = Debug|Any CPU
		{1B024164-5C35-4490-8EFB-06045058FFD2}.Debug|iPhone.ActiveCfg = Debug|Any CPU
		{1B024164-5C35-4490-8EFB-06045058FFD2}.Debug|iPhone.Build.0 = Debug|Any CPU
		{1B024164-5C35-4490-8EFB-06045058FFD2}.Debug|iPhone.Deploy.0 = Debug|Any CPU
		{1B024164-5C35-4490-8EFB-06045058FFD2}.Debug|iPhoneSimulator.ActiveCfg = Debug|Any CPU
		{1B024164-5C35-4490-8EFB-06045058FFD2}.Debug|iPhoneSimulator.Build.0 = Debug|Any CPU
		{1B024164-5C35-4490-8EFB-06045058FFD2}.Debug|iPhoneSimulator.Deploy.0 = Debug|Any CPU
		{1B024164-5C35-4490-8EFB-06045058FFD2}.Release|Any CPU.ActiveCfg = Release|Any CPU
		{1B024164-5C35-4490-8EFB-06045058FFD2}.Release|Any CPU.Build.0 = Release|Any CPU
		{1B024164-5C35-4490-8EFB-06045058FFD2}.Release|Any CPU.Deploy.0 = Release|Any CPU
		{1B024164-5C35-4490-8EFB-06045058FFD2}.Release|iPhone.ActiveCfg = Release|Any CPU
		{1B024164-5C35-4490-8EFB-06045058FFD2}.Release|iPhone.Build.0 = Release|Any CPU
		{1B024164-5C35-4490-8EFB-06045058FFD2}.Release|iPhone.Deploy.0 = Release|Any CPU
		{1B024164-5C35-4490-8EFB-06045058FFD2}.Release|iPhoneSimulator.ActiveCfg = Release|Any CPU
		{1B024164-5C35-4490-8EFB-06045058FFD2}.Release|iPhoneSimulator.Build.0 = Release|Any CPU
		{1B024164-5C35-4490-8EFB-06045058FFD2}.Release|iPhoneSimulator.Deploy.0 = Release|Any CPU
		{C6AA65C2-28BD-425A-A832-F2256360395E}.Ad-Hoc|Any CPU.ActiveCfg = Ad-Hoc|iPhone
		{C6AA65C2-28BD-425A-A832-F2256360395E}.Ad-Hoc|Any CPU.Build.0 = Ad-Hoc|iPhone
		{C6AA65C2-28BD-425A-A832-F2256360395E}.Ad-Hoc|Any CPU.Deploy.0 = Ad-Hoc|iPhone
		{C6AA65C2-28BD-425A-A832-F2256360395E}.Ad-Hoc|iPhone.ActiveCfg = Ad-Hoc|iPhone
		{C6AA65C2-28BD-425A-A832-F2256360395E}.Ad-Hoc|iPhone.Build.0 = Ad-Hoc|iPhone
		{C6AA65C2-28BD-425A-A832-F2256360395E}.Ad-Hoc|iPhone.Deploy.0 = Ad-Hoc|iPhone
		{C6AA65C2-28BD-425A-A832-F2256360395E}.Ad-Hoc|iPhoneSimulator.ActiveCfg = Ad-Hoc|iPhoneSimulator
		{C6AA65C2-28BD-425A-A832-F2256360395E}.Ad-Hoc|iPhoneSimulator.Build.0 = Ad-Hoc|iPhoneSimulator
		{C6AA65C2-28BD-425A-A832-F2256360395E}.Ad-Hoc|iPhoneSimulator.Deploy.0 = Ad-Hoc|iPhoneSimulator
		{C6AA65C2-28BD-425A-A832-F2256360395E}.AppStore|Any CPU.ActiveCfg = AppStore|iPhone
		{C6AA65C2-28BD-425A-A832-F2256360395E}.AppStore|Any CPU.Build.0 = AppStore|iPhone
		{C6AA65C2-28BD-425A-A832-F2256360395E}.AppStore|Any CPU.Deploy.0 = AppStore|iPhone
		{C6AA65C2-28BD-425A-A832-F2256360395E}.AppStore|iPhone.ActiveCfg = AppStore|iPhone
		{C6AA65C2-28BD-425A-A832-F2256360395E}.AppStore|iPhone.Build.0 = AppStore|iPhone
		{C6AA65C2-28BD-425A-A832-F2256360395E}.AppStore|iPhone.Deploy.0 = AppStore|iPhone
		{C6AA65C2-28BD-425A-A832-F2256360395E}.AppStore|iPhoneSimulator.ActiveCfg = AppStore|iPhoneSimulator
		{C6AA65C2-28BD-425A-A832-F2256360395E}.AppStore|iPhoneSimulator.Build.0 = AppStore|iPhoneSimulator
		{C6AA65C2-28BD-425A-A832-F2256360395E}.AppStore|iPhoneSimulator.Deploy.0 = AppStore|iPhoneSimulator
		{C6AA65C2-28BD-425A-A832-F2256360395E}.Debug|Any CPU.ActiveCfg = Debug|iPhoneSimulator
		{C6AA65C2-28BD-425A-A832-F2256360395E}.Debug|Any CPU.Build.0 = Debug|iPhoneSimulator
		{C6AA65C2-28BD-425A-A832-F2256360395E}.Debug|Any CPU.Deploy.0 = Debug|iPhoneSimulator
		{C6AA65C2-28BD-425A-A832-F2256360395E}.Debug|iPhone.ActiveCfg = Debug|iPhone
		{C6AA65C2-28BD-425A-A832-F2256360395E}.Debug|iPhone.Build.0 = Debug|iPhone
		{C6AA65C2-28BD-425A-A832-F2256360395E}.Debug|iPhone.Deploy.0 = Debug|iPhone
		{C6AA65C2-28BD-425A-A832-F2256360395E}.Debug|iPhoneSimulator.ActiveCfg = Debug|iPhoneSimulator
		{C6AA65C2-28BD-425A-A832-F2256360395E}.Debug|iPhoneSimulator.Build.0 = Debug|iPhoneSimulator
		{C6AA65C2-28BD-425A-A832-F2256360395E}.Debug|iPhoneSimulator.Deploy.0 = Debug|iPhoneSimulator
		{C6AA65C2-28BD-425A-A832-F2256360395E}.Release|Any CPU.ActiveCfg = Release|iPhone
		{C6AA65C2-28BD-425A-A832-F2256360395E}.Release|Any CPU.Build.0 = Release|iPhone
		{C6AA65C2-28BD-425A-A832-F2256360395E}.Release|Any CPU.Deploy.0 = Release|iPhone
		{C6AA65C2-28BD-425A-A832-F2256360395E}.Release|iPhone.ActiveCfg = Release|iPhone
		{C6AA65C2-28BD-425A-A832-F2256360395E}.Release|iPhone.Build.0 = Release|iPhone
		{C6AA65C2-28BD-425A-A832-F2256360395E}.Release|iPhone.Deploy.0 = Release|iPhone
		{C6AA65C2-28BD-425A-A832-F2256360395E}.Release|iPhoneSimulator.ActiveCfg = Release|iPhoneSimulator
		{C6AA65C2-28BD-425A-A832-F2256360395E}.Release|iPhoneSimulator.Build.0 = Release|iPhoneSimulator
		{C6AA65C2-28BD-425A-A832-F2256360395E}.Release|iPhoneSimulator.Deploy.0 = Release|iPhoneSimulator
		{46F37CA1-D265-4E97-A691-4B9CCC9553CF}.Ad-Hoc|Any CPU.ActiveCfg = Debug|Any CPU
		{46F37CA1-D265-4E97-A691-4B9CCC9553CF}.Ad-Hoc|Any CPU.Build.0 = Debug|Any CPU
		{46F37CA1-D265-4E97-A691-4B9CCC9553CF}.Ad-Hoc|Any CPU.Deploy.0 = Debug|Any CPU
		{46F37CA1-D265-4E97-A691-4B9CCC9553CF}.Ad-Hoc|iPhone.ActiveCfg = Debug|Any CPU
		{46F37CA1-D265-4E97-A691-4B9CCC9553CF}.Ad-Hoc|iPhone.Build.0 = Debug|Any CPU
		{46F37CA1-D265-4E97-A691-4B9CCC9553CF}.Ad-Hoc|iPhone.Deploy.0 = Debug|Any CPU
		{46F37CA1-D265-4E97-A691-4B9CCC9553CF}.Ad-Hoc|iPhoneSimulator.ActiveCfg = Debug|Any CPU
		{46F37CA1-D265-4E97-A691-4B9CCC9553CF}.Ad-Hoc|iPhoneSimulator.Build.0 = Debug|Any CPU
		{46F37CA1-D265-4E97-A691-4B9CCC9553CF}.Ad-Hoc|iPhoneSimulator.Deploy.0 = Debug|Any CPU
		{46F37CA1-D265-4E97-A691-4B9CCC9553CF}.AppStore|Any CPU.ActiveCfg = Debug|Any CPU
		{46F37CA1-D265-4E97-A691-4B9CCC9553CF}.AppStore|Any CPU.Build.0 = Debug|Any CPU
		{46F37CA1-D265-4E97-A691-4B9CCC9553CF}.AppStore|Any CPU.Deploy.0 = Debug|Any CPU
		{46F37CA1-D265-4E97-A691-4B9CCC9553CF}.AppStore|iPhone.ActiveCfg = Debug|Any CPU
		{46F37CA1-D265-4E97-A691-4B9CCC9553CF}.AppStore|iPhone.Build.0 = Debug|Any CPU
		{46F37CA1-D265-4E97-A691-4B9CCC9553CF}.AppStore|iPhone.Deploy.0 = Debug|Any CPU
		{46F37CA1-D265-4E97-A691-4B9CCC9553CF}.AppStore|iPhoneSimulator.ActiveCfg = Debug|Any CPU
		{46F37CA1-D265-4E97-A691-4B9CCC9553CF}.AppStore|iPhoneSimulator.Build.0 = Debug|Any CPU
		{46F37CA1-D265-4E97-A691-4B9CCC9553CF}.AppStore|iPhoneSimulator.Deploy.0 = Debug|Any CPU
		{46F37CA1-D265-4E97-A691-4B9CCC9553CF}.Debug|Any CPU.ActiveCfg = Debug|Any CPU
		{46F37CA1-D265-4E97-A691-4B9CCC9553CF}.Debug|Any CPU.Build.0 = Debug|Any CPU
		{46F37CA1-D265-4E97-A691-4B9CCC9553CF}.Debug|Any CPU.Deploy.0 = Debug|Any CPU
		{46F37CA1-D265-4E97-A691-4B9CCC9553CF}.Debug|iPhone.ActiveCfg = Debug|Any CPU
		{46F37CA1-D265-4E97-A691-4B9CCC9553CF}.Debug|iPhone.Build.0 = Debug|Any CPU
		{46F37CA1-D265-4E97-A691-4B9CCC9553CF}.Debug|iPhone.Deploy.0 = Debug|Any CPU
		{46F37CA1-D265-4E97-A691-4B9CCC9553CF}.Debug|iPhoneSimulator.ActiveCfg = Debug|Any CPU
		{46F37CA1-D265-4E97-A691-4B9CCC9553CF}.Debug|iPhoneSimulator.Build.0 = Debug|Any CPU
		{46F37CA1-D265-4E97-A691-4B9CCC9553CF}.Debug|iPhoneSimulator.Deploy.0 = Debug|Any CPU
		{46F37CA1-D265-4E97-A691-4B9CCC9553CF}.Release|Any CPU.ActiveCfg = Release|Any CPU
		{46F37CA1-D265-4E97-A691-4B9CCC9553CF}.Release|Any CPU.Build.0 = Release|Any CPU
		{46F37CA1-D265-4E97-A691-4B9CCC9553CF}.Release|Any CPU.Deploy.0 = Release|Any CPU
		{46F37CA1-D265-4E97-A691-4B9CCC9553CF}.Release|iPhone.ActiveCfg = Release|Any CPU
		{46F37CA1-D265-4E97-A691-4B9CCC9553CF}.Release|iPhone.Build.0 = Release|Any CPU
		{46F37CA1-D265-4E97-A691-4B9CCC9553CF}.Release|iPhone.Deploy.0 = Release|Any CPU
		{46F37CA1-D265-4E97-A691-4B9CCC9553CF}.Release|iPhoneSimulator.ActiveCfg = Release|Any CPU
		{46F37CA1-D265-4E97-A691-4B9CCC9553CF}.Release|iPhoneSimulator.Build.0 = Release|Any CPU
		{46F37CA1-D265-4E97-A691-4B9CCC9553CF}.Release|iPhoneSimulator.Deploy.0 = Release|Any CPU
	EndGlobalSection
	GlobalSection(SolutionProperties) = preSolution
		HideSolutionNode = FALSE
	EndGlobalSection
	GlobalSection(ExtensibilityGlobals) = postSolution
		SolutionGuid = {A0B20B6A-87A7-41D7-B201-0C02226951CA}
	EndGlobalSection
EndGlobal
